
Microsoft Visual Studio Solution File, Format Version 12.00
# Visual Studio 14
VisualStudioVersion = 14.0.25420.1
MinimumVisualStudioVersion = 10.0.40219.1
Project("{FAE04EC0-301F-11D3-BF4B-00C04F79EFBC}") = "GameOfLife", "GameOfLife\GameOfLife.csproj", "{F366EC25-01BE-40B7-AF7E-6C2ACC65E216}"
EndProject
Project("{8BB2217D-0F2D-49D1-97BC-3654ED321F3B}") = "Game", "Game\Game.xproj", "{8B85020D-600C-4C68-9292-482CF527C27F}"
EndProject
Project("{8BB2217D-0F2D-49D1-97BC-3654ED321F3B}") = "TestConsole", "TestConsole\TestConsole.xproj", "{6A7C6F51-B7E3-4E73-95EB-56D04D884F70}"
EndProject
Global
	GlobalSection(SolutionConfigurationPlatforms) = preSolution
		Debug|Any CPU = Debug|Any CPU
		Release|Any CPU = Release|Any CPU
	EndGlobalSection
	GlobalSection(ProjectConfigurationPlatforms) = postSolution
		{F366EC25-01BE-40B7-AF7E-6C2ACC65E216}.Debug|Any CPU.ActiveCfg = Debug|Any CPU
		{F366EC25-01BE-40B7-AF7E-6C2ACC65E216}.Debug|Any CPU.Build.0 = Debug|Any CPU
		{F366EC25-01BE-40B7-AF7E-6C2ACC65E216}.Release|Any CPU.ActiveCfg = Release|Any CPU
		{F366EC25-01BE-40B7-AF7E-6C2ACC65E216}.Release|Any CPU.Build.0 = Release|Any CPU
		{8B85020D-600C-4C68-9292-482CF527C27F}.Debug|Any CPU.ActiveCfg = Debug|Any CPU
		{8B85020D-600C-4C68-9292-482CF527C27F}.Debug|Any CPU.Build.0 = Debug|Any CPU
		{8B85020D-600C-4C68-9292-482CF527C27F}.Release|Any CPU.ActiveCfg = Release|Any CPU
		{8B85020D-600C-4C68-9292-482CF527C27F}.Release|Any CPU.Build.0 = Release|Any CPU
		{6A7C6F51-B7E3-4E73-95EB-56D04D884F70}.Debug|Any CPU.ActiveCfg = Debug|Any CPU
		{6A7C6F51-B7E3-4E73-95EB-56D04D884F70}.Debug|Any CPU.Build.0 = Debug|Any CPU
		{6A7C6F51-B7E3-4E73-95EB-56D04D884F70}.Release|Any CPU.ActiveCfg = Release|Any CPU
		{6A7C6F51-B7E3-4E73-95EB-56D04D884F70}.Release|Any CPU.Build.0 = Release|Any CPU
	EndGlobalSection
	GlobalSection(SolutionProperties) = preSolution
		HideSolutionNode = FALSE
	EndGlobalSection
EndGlobal
